# This file is automatically @generated by Cargo.
# It is not intended for manual editing.
[[package]]
name = "gcc"
version = "0.3.55"
source = "registry+https://github.com/rust-lang/crates.io-index"

[[package]]
name = "libc"
version = "0.2.55"
source = "registry+https://github.com/rust-lang/crates.io-index"

[[package]]
name = "linenoise-rust"
version = "0.2.1"
source = "registry+https://github.com/rust-lang/crates.io-index"
dependencies = [
 "gcc 0.3.55 (registry+https://github.com/rust-lang/crates.io-index)",
 "libc 0.2.55 (registry+https://github.com/rust-lang/crates.io-index)",
]

[[package]]
name = "mips_sim"
version = "0.1.0"
dependencies = [
 "linenoise-rust 0.2.1 (registry+https://github.com/rust-lang/crates.io-index)",
]

[metadata]
"checksum gcc 0.3.55 (registry+https://github.com/rust-lang/crates.io-index)" = "8f5f3913fa0bfe7ee1fd8248b6b9f42a5af4b9d65ec2dd2c3c26132b950ecfc2"
"checksum libc 0.2.55 (registry+https://github.com/rust-lang/crates.io-index)" = "42914d39aad277d9e176efbdad68acb1d5443ab65afe0e0e4f0d49352a950880"
"checksum linenoise-rust 0.2.1 (registry+https://github.com/rust-lang/crates.io-index)" = "76c2435a60a4dae373b7e7e1a8966bfd9b84494f9a05d0e59ff4adbae8cae152"
